
Microsoft Visual Studio Solution File, Format Version 12.00
# Visual Studio Version 17
VisualStudioVersion = 17.14.37314.3 d17.14
MinimumVisualStudioVersion = 10.0.40219.1
Project("{FAE04EC0-301F-11D3-BF4B-00C04F79EFBC}") = "WeatherApp.Api", "WeatherApp.Api\WeatherApp.Api.csproj", "{6E5AE271-FC85-462F-AD12-F829928D72BC}"
EndProject
Project("{FAE04EC0-301F-11D3-BF4B-00C04F79EFBC}") = "WeatherApp.Tests", "WeatherApp.Tests\WeatherApp.Tests.csproj", "{AB08CCD3-6F3B-4694-A7C4-16BDAB853B5F}"
EndProject
Global
	GlobalSection(SolutionConfigurationPlatforms) = preSolution
		Debug|Any CPU = Debug|Any CPU
		Release|Any CPU = Release|Any CPU
	EndGlobalSection
	GlobalSection(ProjectConfigurationPlatforms) = postSolution
		{6E5AE271-FC85-462F-AD12-F829928D72BC}.Debug|Any CPU.ActiveCfg = Debug|Any CPU
		{6E5AE271-FC85-462F-AD12-F829928D72BC}.Debug|Any CPU.Build.0 = Debug|Any CPU
		{6E5AE271-FC85-462F-AD12-F829928D72BC}.Release|Any CPU.ActiveCfg = Release|Any CPU
		{6E5AE271-FC85-462F-AD12-F829928D72BC}.Release|Any CPU.Build.0 = Release|Any CPU
		{AB08CCD3-6F3B-4694-A7C4-16BDAB853B5F}.Debug|Any CPU.ActiveCfg = Debug|Any CPU
		{AB08CCD3-6F3B-4694-A7C4-16BDAB853B5F}.Debug|Any CPU.Build.0 = Debug|Any CPU
		{AB08CCD3-6F3B-4694-A7C4-16BDAB853B5F}.Release|Any CPU.ActiveCfg = Release|Any CPU
		{AB08CCD3-6F3B-4694-A7C4-16BDAB853B5F}.Release|Any CPU.Build.0 = Release|Any CPU
	EndGlobalSection
	GlobalSection(SolutionProperties) = preSolution
		HideSolutionNode = FALSE
	EndGlobalSection
	GlobalSection(ExtensibilityGlobals) = postSolution
		SolutionGuid = {94C1AB97-C4F4-4850-9FB5-E09C17F9F4D1}
	EndGlobalSection
EndGlobal
